
Microsoft Visual Studio Solution File, Format Version 12.00
# Visual Studio Version 17
VisualStudioVersion = 17.3.32901.215
MinimumVisualStudioVersion = 10.0.40219.1
Project("{FAE04EC0-301F-11D3-BF4B-00C04F79EFBC}") = "ConsoleApp1", "ConsoleApp1\ConsoleApp1.csproj", "{3F0C591B-44EF-493C-8BFF-B531E4D71140}"
EndProject
Global
	GlobalSection(SolutionConfigurationPlatforms) = preSolution
		Debug|Any CPU = Debug|Any CPU
		Release|Any CPU = Release|Any CPU
	EndGlobalSection
	GlobalSection(ProjectConfigurationPlatforms) = postSolution
		{3F0C591B-44EF-493C-8BFF-B531E4D71140}.Debug|Any CPU.ActiveCfg = Debug|Any CPU
		{3F0C591B-44EF-493C-8BFF-B531E4D71140}.Debug|Any CPU.Build.0 = Debug|Any CPU
		{3F0C591B-44EF-493C-8BFF-B531E4D71140}.Release|Any CPU.ActiveCfg = Release|Any CPU
		{3F0C591B-44EF-493C-8BFF-B531E4D71140}.Release|Any CPU.Build.0 = Release|Any CPU
	EndGlobalSection
	GlobalSection(SolutionProperties) = preSolution
		HideSolutionNode = FALSE
	EndGlobalSection
	GlobalSection(ExtensibilityGlobals) = postSolution
		SolutionGuid = {86E25D6F-928D-4BF9-8379-305EE61785C4}
	EndGlobalSection
EndGlobal
